
Microsoft Visual Studio Solution File, Format Version 12.00
# Visual Studio Version 17
VisualStudioVersion = 17.0.31903.59
MinimumVisualStudioVersion = 10.0.40219.1
Project("{2150E333-8FDC-42A3-9474-1A3956D46DE8}") = "apis", "apis", "{888D3CEA-A7F6-41AC-9808-854BA8104D2E}"
EndProject
Project("{2150E333-8FDC-42A3-9474-1A3956D46DE8}") = "src", "src", "{CD8A03E7-4BF1-482C-A682-EE4AE2F85ED3}"
EndProject
Project("{FAE04EC0-301F-11D3-BF4B-00C04F79EFBC}") = "FlashCard.Domain", "apis\src\FlashCard.Domain\FlashCard.Domain.csproj", "{9FA0C14A-6438-4E56-9B83-6E9D3AD28B83}"
EndProject
Project("{FAE04EC0-301F-11D3-BF4B-00C04F79EFBC}") = "FlashCard.Infrastructure", "apis\src\FlashCard.Infrastructure\FlashCard.Infrastructure.csproj", "{86E51D0C-4387-46C9-86A8-39D2C8298231}"
EndProject
Project("{FAE04EC0-301F-11D3-BF4B-00C04F79EFBC}") = "FlashCard.Application", "apis\src\FlashCard.Application\FlashCard.Application.csproj", "{4FB120B2-0938-4179-A07C-C4192725024C}"
EndProject
Project("{FAE04EC0-301F-11D3-BF4B-00C04F79EFBC}") = "FlashCard.Common", "apis\src\FlashCard.Common\FlashCard.Common.csproj", "{901C8B61-D092-491B-BA4C-D6C2C0205580}"
EndProject
Project("{FAE04EC0-301F-11D3-BF4B-00C04F79EFBC}") = "FlashCard.Api", "apis\src\FlashCard.Api\FlashCard.Api.csproj", "{20A37690-D0BE-4806-B0B1-FBED81C1A883}"
EndProject
Project("{2150E333-8FDC-42A3-9474-1A3956D46DE8}") = "tests", "tests", "{38EC4F42-C250-4D15-884C-15B41269B0A6}"
EndProject
Project("{FAE04EC0-301F-11D3-BF4B-00C04F79EFBC}") = "FlashCard.Infrastructure.Test", "apis\tests\FlashCard.Infrastructure.Test\FlashCard.Infrastructure.Test.csproj", "{EAF79D77-3BE6-471A-92B4-30EAA6622914}"
EndProject
Global
	GlobalSection(SolutionConfigurationPlatforms) = preSolution
		Debug|Any CPU = Debug|Any CPU
		Release|Any CPU = Release|Any CPU
	EndGlobalSection
	GlobalSection(SolutionProperties) = preSolution
		HideSolutionNode = FALSE
	EndGlobalSection
	GlobalSection(ProjectConfigurationPlatforms) = postSolution
		{9FA0C14A-6438-4E56-9B83-6E9D3AD28B83}.Debug|Any CPU.ActiveCfg = Debug|Any CPU
		{9FA0C14A-6438-4E56-9B83-6E9D3AD28B83}.Debug|Any CPU.Build.0 = Debug|Any CPU
		{9FA0C14A-6438-4E56-9B83-6E9D3AD28B83}.Release|Any CPU.ActiveCfg = Release|Any CPU
		{9FA0C14A-6438-4E56-9B83-6E9D3AD28B83}.Release|Any CPU.Build.0 = Release|Any CPU
		{86E51D0C-4387-46C9-86A8-39D2C8298231}.Debug|Any CPU.ActiveCfg = Debug|Any CPU
		{86E51D0C-4387-46C9-86A8-39D2C8298231}.Debug|Any CPU.Build.0 = Debug|Any CPU
		{86E51D0C-4387-46C9-86A8-39D2C8298231}.Release|Any CPU.ActiveCfg = Release|Any CPU
		{86E51D0C-4387-46C9-86A8-39D2C8298231}.Release|Any CPU.Build.0 = Release|Any CPU
		{4FB120B2-0938-4179-A07C-C4192725024C}.Debug|Any CPU.ActiveCfg = Debug|Any CPU
		{4FB120B2-0938-4179-A07C-C4192725024C}.Debug|Any CPU.Build.0 = Debug|Any CPU
		{4FB120B2-0938-4179-A07C-C4192725024C}.Release|Any CPU.ActiveCfg = Release|Any CPU
		{4FB120B2-0938-4179-A07C-C4192725024C}.Release|Any CPU.Build.0 = Release|Any CPU
		{901C8B61-D092-491B-BA4C-D6C2C0205580}.Debug|Any CPU.ActiveCfg = Debug|Any CPU
		{901C8B61-D092-491B-BA4C-D6C2C0205580}.Debug|Any CPU.Build.0 = Debug|Any CPU
		{901C8B61-D092-491B-BA4C-D6C2C0205580}.Release|Any CPU.ActiveCfg = Release|Any CPU
		{901C8B61-D092-491B-BA4C-D6C2C0205580}.Release|Any CPU.Build.0 = Release|Any CPU
		{20A37690-D0BE-4806-B0B1-FBED81C1A883}.Debug|Any CPU.ActiveCfg = Debug|Any CPU
		{20A37690-D0BE-4806-B0B1-FBED81C1A883}.Debug|Any CPU.Build.0 = Debug|Any CPU
		{20A37690-D0BE-4806-B0B1-FBED81C1A883}.Release|Any CPU.ActiveCfg = Release|Any CPU
		{20A37690-D0BE-4806-B0B1-FBED81C1A883}.Release|Any CPU.Build.0 = Release|Any CPU
		{EAF79D77-3BE6-471A-92B4-30EAA6622914}.Debug|Any CPU.ActiveCfg = Debug|Any CPU
		{EAF79D77-3BE6-471A-92B4-30EAA6622914}.Debug|Any CPU.Build.0 = Debug|Any CPU
		{EAF79D77-3BE6-471A-92B4-30EAA6622914}.Release|Any CPU.ActiveCfg = Release|Any CPU
		{EAF79D77-3BE6-471A-92B4-30EAA6622914}.Release|Any CPU.Build.0 = Release|Any CPU
	EndGlobalSection
	GlobalSection(NestedProjects) = preSolution
		{CD8A03E7-4BF1-482C-A682-EE4AE2F85ED3} = {888D3CEA-A7F6-41AC-9808-854BA8104D2E}
		{9FA0C14A-6438-4E56-9B83-6E9D3AD28B83} = {CD8A03E7-4BF1-482C-A682-EE4AE2F85ED3}
		{86E51D0C-4387-46C9-86A8-39D2C8298231} = {CD8A03E7-4BF1-482C-A682-EE4AE2F85ED3}
		{4FB120B2-0938-4179-A07C-C4192725024C} = {CD8A03E7-4BF1-482C-A682-EE4AE2F85ED3}
		{901C8B61-D092-491B-BA4C-D6C2C0205580} = {CD8A03E7-4BF1-482C-A682-EE4AE2F85ED3}
		{20A37690-D0BE-4806-B0B1-FBED81C1A883} = {CD8A03E7-4BF1-482C-A682-EE4AE2F85ED3}
		{38EC4F42-C250-4D15-884C-15B41269B0A6} = {888D3CEA-A7F6-41AC-9808-854BA8104D2E}
		{EAF79D77-3BE6-471A-92B4-30EAA6622914} = {38EC4F42-C250-4D15-884C-15B41269B0A6}
	EndGlobalSection
EndGlobal
