
Microsoft Visual Studio Solution File, Format Version 12.00
# Visual Studio Version 17
VisualStudioVersion = 17.0.31903.59
MinimumVisualStudioVersion = 10.0.40219.1
Project("{2150E333-8FDC-42A3-9474-1A3956D46DE8}") = "src", "src", "{CD8A03E7-4BF1-482C-A682-EE4AE2F85ED3}"
EndProject
Project("{FAE04EC0-301F-11D3-BF4B-00C04F79EFBC}") = "Domain", "src\Domain\Domain.csproj", "{9FA0C14A-6438-4E56-9B83-6E9D3AD28B83}"
EndProject
Project("{FAE04EC0-301F-11D3-BF4B-00C04F79EFBC}") = "Infrastructure", "src\Infrastructure\Infrastructure.csproj", "{86E51D0C-4387-46C9-86A8-39D2C8298231}"
EndProject
Project("{FAE04EC0-301F-11D3-BF4B-00C04F79EFBC}") = "Application", "src\Application\Application.csproj", "{4FB120B2-0938-4179-A07C-C4192725024C}"
EndProject
Project("{FAE04EC0-301F-11D3-BF4B-00C04F79EFBC}") = "Shared", "src\Shared\Shared.csproj", "{901C8B61-D092-491B-BA4C-D6C2C0205580}"
EndProject
Project("{FAE04EC0-301F-11D3-BF4B-00C04F79EFBC}") = "Api", "src\Api\Api.csproj", "{20A37690-D0BE-4806-B0B1-FBED81C1A883}"
EndProject
Project("{2150E333-8FDC-42A3-9474-1A3956D46DE8}") = "Solution Items", "Solution Items", "{02EA681E-C7D8-13C7-8484-4AC65E1B71E8}"
	ProjectSection(SolutionItems) = preProject
		.editorconfig = .editorconfig
		.gitignore = .gitignore
		.github\copilot-instructions.md = .github\copilot-instructions.md
		README.md = README.md
		docker-compose.yml = docker-compose.yml
	EndProjectSection
EndProject
Project("{FAE04EC0-301F-11D3-BF4B-00C04F79EFBC}") = "Consumer", "src\Consumer\Consumer.csproj", "{ECF4BD0C-AA89-440F-A028-09917A6B35F4}"
EndProject
Project("{2150E333-8FDC-42A3-9474-1A3956D46DE8}") = "tests", "tests", "{0AB3BF05-4346-4AA6-1389-037BE0695223}"
EndProject
Project("{FAE04EC0-301F-11D3-BF4B-00C04F79EFBC}") = "Infrastructure.Tests", "tests\Infrastructure.Tests\Infrastructure.Tests.csproj", "{74F260A1-7B8C-4B1F-BCF0-EBCB3ADEC8D1}"
EndProject
Project("{FAE04EC0-301F-11D3-BF4B-00C04F79EFBC}") = "Application.Tests", "tests\Application.Tests\Application.Tests.csproj", "{08B5ECDD-094F-4E28-8D78-80F1BEC57716}"
EndProject
Global
	GlobalSection(SolutionConfigurationPlatforms) = preSolution
		Debug|Any CPU = Debug|Any CPU
		Debug|x64 = Debug|x64
		Debug|x86 = Debug|x86
		Release|Any CPU = Release|Any CPU
		Release|x64 = Release|x64
		Release|x86 = Release|x86
	EndGlobalSection
	GlobalSection(ProjectConfigurationPlatforms) = postSolution
		{9FA0C14A-6438-4E56-9B83-6E9D3AD28B83}.Debug|Any CPU.ActiveCfg = Debug|Any CPU
		{9FA0C14A-6438-4E56-9B83-6E9D3AD28B83}.Debug|Any CPU.Build.0 = Debug|Any CPU
		{9FA0C14A-6438-4E56-9B83-6E9D3AD28B83}.Debug|x64.ActiveCfg = Debug|Any CPU
		{9FA0C14A-6438-4E56-9B83-6E9D3AD28B83}.Debug|x64.Build.0 = Debug|Any CPU
		{9FA0C14A-6438-4E56-9B83-6E9D3AD28B83}.Debug|x86.ActiveCfg = Debug|Any CPU
		{9FA0C14A-6438-4E56-9B83-6E9D3AD28B83}.Debug|x86.Build.0 = Debug|Any CPU
		{9FA0C14A-6438-4E56-9B83-6E9D3AD28B83}.Release|Any CPU.ActiveCfg = Release|Any CPU
		{9FA0C14A-6438-4E56-9B83-6E9D3AD28B83}.Release|Any CPU.Build.0 = Release|Any CPU
		{9FA0C14A-6438-4E56-9B83-6E9D3AD28B83}.Release|x64.ActiveCfg = Release|Any CPU
		{9FA0C14A-6438-4E56-9B83-6E9D3AD28B83}.Release|x64.Build.0 = Release|Any CPU
		{9FA0C14A-6438-4E56-9B83-6E9D3AD28B83}.Release|x86.ActiveCfg = Release|Any CPU
		{9FA0C14A-6438-4E56-9B83-6E9D3AD28B83}.Release|x86.Build.0 = Release|Any CPU
		{86E51D0C-4387-46C9-86A8-39D2C8298231}.Debug|Any CPU.ActiveCfg = Debug|Any CPU
		{86E51D0C-4387-46C9-86A8-39D2C8298231}.Debug|Any CPU.Build.0 = Debug|Any CPU
		{86E51D0C-4387-46C9-86A8-39D2C8298231}.Debug|x64.ActiveCfg = Debug|Any CPU
		{86E51D0C-4387-46C9-86A8-39D2C8298231}.Debug|x64.Build.0 = Debug|Any CPU
		{86E51D0C-4387-46C9-86A8-39D2C8298231}.Debug|x86.ActiveCfg = Debug|Any CPU
		{86E51D0C-4387-46C9-86A8-39D2C8298231}.Debug|x86.Build.0 = Debug|Any CPU
		{86E51D0C-4387-46C9-86A8-39D2C8298231}.Release|Any CPU.ActiveCfg = Release|Any CPU
		{86E51D0C-4387-46C9-86A8-39D2C8298231}.Release|Any CPU.Build.0 = Release|Any CPU
		{86E51D0C-4387-46C9-86A8-39D2C8298231}.Release|x64.ActiveCfg = Release|Any CPU
		{86E51D0C-4387-46C9-86A8-39D2C8298231}.Release|x64.Build.0 = Release|Any CPU
		{86E51D0C-4387-46C9-86A8-39D2C8298231}.Release|x86.ActiveCfg = Release|Any CPU
		{86E51D0C-4387-46C9-86A8-39D2C8298231}.Release|x86.Build.0 = Release|Any CPU
		{4FB120B2-0938-4179-A07C-C4192725024C}.Debug|Any CPU.ActiveCfg = Debug|Any CPU
		{4FB120B2-0938-4179-A07C-C4192725024C}.Debug|Any CPU.Build.0 = Debug|Any CPU
		{4FB120B2-0938-4179-A07C-C4192725024C}.Debug|x64.ActiveCfg = Debug|Any CPU
		{4FB120B2-0938-4179-A07C-C4192725024C}.Debug|x64.Build.0 = Debug|Any CPU
		{4FB120B2-0938-4179-A07C-C4192725024C}.Debug|x86.ActiveCfg = Debug|Any CPU
		{4FB120B2-0938-4179-A07C-C4192725024C}.Debug|x86.Build.0 = Debug|Any CPU
		{4FB120B2-0938-4179-A07C-C4192725024C}.Release|Any CPU.ActiveCfg = Release|Any CPU
		{4FB120B2-0938-4179-A07C-C4192725024C}.Release|Any CPU.Build.0 = Release|Any CPU
		{4FB120B2-0938-4179-A07C-C4192725024C}.Release|x64.ActiveCfg = Release|Any CPU
		{4FB120B2-0938-4179-A07C-C4192725024C}.Release|x64.Build.0 = Release|Any CPU
		{4FB120B2-0938-4179-A07C-C4192725024C}.Release|x86.ActiveCfg = Release|Any CPU
		{4FB120B2-0938-4179-A07C-C4192725024C}.Release|x86.Build.0 = Release|Any CPU
		{901C8B61-D092-491B-BA4C-D6C2C0205580}.Debug|Any CPU.ActiveCfg = Debug|Any CPU
		{901C8B61-D092-491B-BA4C-D6C2C0205580}.Debug|Any CPU.Build.0 = Debug|Any CPU
		{901C8B61-D092-491B-BA4C-D6C2C0205580}.Debug|x64.ActiveCfg = Debug|Any CPU
		{901C8B61-D092-491B-BA4C-D6C2C0205580}.Debug|x64.Build.0 = Debug|Any CPU
		{901C8B61-D092-491B-BA4C-D6C2C0205580}.Debug|x86.ActiveCfg = Debug|Any CPU
		{901C8B61-D092-491B-BA4C-D6C2C0205580}.Debug|x86.Build.0 = Debug|Any CPU
		{901C8B61-D092-491B-BA4C-D6C2C0205580}.Release|Any CPU.ActiveCfg = Release|Any CPU
		{901C8B61-D092-491B-BA4C-D6C2C0205580}.Release|Any CPU.Build.0 = Release|Any CPU
		{901C8B61-D092-491B-BA4C-D6C2C0205580}.Release|x64.ActiveCfg = Release|Any CPU
		{901C8B61-D092-491B-BA4C-D6C2C0205580}.Release|x64.Build.0 = Release|Any CPU
		{901C8B61-D092-491B-BA4C-D6C2C0205580}.Release|x86.ActiveCfg = Release|Any CPU
		{901C8B61-D092-491B-BA4C-D6C2C0205580}.Release|x86.Build.0 = Release|Any CPU
		{20A37690-D0BE-4806-B0B1-FBED81C1A883}.Debug|Any CPU.ActiveCfg = Debug|Any CPU
		{20A37690-D0BE-4806-B0B1-FBED81C1A883}.Debug|Any CPU.Build.0 = Debug|Any CPU
		{20A37690-D0BE-4806-B0B1-FBED81C1A883}.Debug|x64.ActiveCfg = Debug|Any CPU
		{20A37690-D0BE-4806-B0B1-FBED81C1A883}.Debug|x64.Build.0 = Debug|Any CPU
		{20A37690-D0BE-4806-B0B1-FBED81C1A883}.Debug|x86.ActiveCfg = Debug|Any CPU
		{20A37690-D0BE-4806-B0B1-FBED81C1A883}.Debug|x86.Build.0 = Debug|Any CPU
		{20A37690-D0BE-4806-B0B1-FBED81C1A883}.Release|Any CPU.ActiveCfg = Release|Any CPU
		{20A37690-D0BE-4806-B0B1-FBED81C1A883}.Release|Any CPU.Build.0 = Release|Any CPU
		{20A37690-D0BE-4806-B0B1-FBED81C1A883}.Release|x64.ActiveCfg = Release|Any CPU
		{20A37690-D0BE-4806-B0B1-FBED81C1A883}.Release|x64.Build.0 = Release|Any CPU
		{20A37690-D0BE-4806-B0B1-FBED81C1A883}.Release|x86.ActiveCfg = Release|Any CPU
		{20A37690-D0BE-4806-B0B1-FBED81C1A883}.Release|x86.Build.0 = Release|Any CPU
		{ECF4BD0C-AA89-440F-A028-09917A6B35F4}.Debug|Any CPU.ActiveCfg = Debug|Any CPU
		{ECF4BD0C-AA89-440F-A028-09917A6B35F4}.Debug|Any CPU.Build.0 = Debug|Any CPU
		{ECF4BD0C-AA89-440F-A028-09917A6B35F4}.Debug|x64.ActiveCfg = Debug|Any CPU
		{ECF4BD0C-AA89-440F-A028-09917A6B35F4}.Debug|x64.Build.0 = Debug|Any CPU
		{ECF4BD0C-AA89-440F-A028-09917A6B35F4}.Debug|x86.ActiveCfg = Debug|Any CPU
		{ECF4BD0C-AA89-440F-A028-09917A6B35F4}.Debug|x86.Build.0 = Debug|Any CPU
		{ECF4BD0C-AA89-440F-A028-09917A6B35F4}.Release|Any CPU.ActiveCfg = Release|Any CPU
		{ECF4BD0C-AA89-440F-A028-09917A6B35F4}.Release|Any CPU.Build.0 = Release|Any CPU
		{ECF4BD0C-AA89-440F-A028-09917A6B35F4}.Release|x64.ActiveCfg = Release|Any CPU
		{ECF4BD0C-AA89-440F-A028-09917A6B35F4}.Release|x64.Build.0 = Release|Any CPU
		{ECF4BD0C-AA89-440F-A028-09917A6B35F4}.Release|x86.ActiveCfg = Release|Any CPU
		{ECF4BD0C-AA89-440F-A028-09917A6B35F4}.Release|x86.Build.0 = Release|Any CPU
		{74F260A1-7B8C-4B1F-BCF0-EBCB3ADEC8D1}.Debug|Any CPU.ActiveCfg = Debug|Any CPU
		{74F260A1-7B8C-4B1F-BCF0-EBCB3ADEC8D1}.Debug|Any CPU.Build.0 = Debug|Any CPU
		{74F260A1-7B8C-4B1F-BCF0-EBCB3ADEC8D1}.Debug|x64.ActiveCfg = Debug|Any CPU
		{74F260A1-7B8C-4B1F-BCF0-EBCB3ADEC8D1}.Debug|x64.Build.0 = Debug|Any CPU
		{74F260A1-7B8C-4B1F-BCF0-EBCB3ADEC8D1}.Debug|x86.ActiveCfg = Debug|Any CPU
		{74F260A1-7B8C-4B1F-BCF0-EBCB3ADEC8D1}.Debug|x86.Build.0 = Debug|Any CPU
		{74F260A1-7B8C-4B1F-BCF0-EBCB3ADEC8D1}.Release|Any CPU.ActiveCfg = Release|Any CPU
		{74F260A1-7B8C-4B1F-BCF0-EBCB3ADEC8D1}.Release|Any CPU.Build.0 = Release|Any CPU
		{74F260A1-7B8C-4B1F-BCF0-EBCB3ADEC8D1}.Release|x64.ActiveCfg = Release|Any CPU
		{74F260A1-7B8C-4B1F-BCF0-EBCB3ADEC8D1}.Release|x64.Build.0 = Release|Any CPU
		{74F260A1-7B8C-4B1F-BCF0-EBCB3ADEC8D1}.Release|x86.ActiveCfg = Release|Any CPU
		{74F260A1-7B8C-4B1F-BCF0-EBCB3ADEC8D1}.Release|x86.Build.0 = Release|Any CPU
		{08B5ECDD-094F-4E28-8D78-80F1BEC57716}.Debug|Any CPU.ActiveCfg = Debug|Any CPU
		{08B5ECDD-094F-4E28-8D78-80F1BEC57716}.Debug|Any CPU.Build.0 = Debug|Any CPU
		{08B5ECDD-094F-4E28-8D78-80F1BEC57716}.Debug|x64.ActiveCfg = Debug|Any CPU
		{08B5ECDD-094F-4E28-8D78-80F1BEC57716}.Debug|x64.Build.0 = Debug|Any CPU
		{08B5ECDD-094F-4E28-8D78-80F1BEC57716}.Debug|x86.ActiveCfg = Debug|Any CPU
		{08B5ECDD-094F-4E28-8D78-80F1BEC57716}.Debug|x86.Build.0 = Debug|Any CPU
		{08B5ECDD-094F-4E28-8D78-80F1BEC57716}.Release|Any CPU.ActiveCfg = Release|Any CPU
		{08B5ECDD-094F-4E28-8D78-80F1BEC57716}.Release|Any CPU.Build.0 = Release|Any CPU
		{08B5ECDD-094F-4E28-8D78-80F1BEC57716}.Release|x64.ActiveCfg = Release|Any CPU
		{08B5ECDD-094F-4E28-8D78-80F1BEC57716}.Release|x64.Build.0 = Release|Any CPU
		{08B5ECDD-094F-4E28-8D78-80F1BEC57716}.Release|x86.ActiveCfg = Release|Any CPU
		{08B5ECDD-094F-4E28-8D78-80F1BEC57716}.Release|x86.Build.0 = Release|Any CPU
	EndGlobalSection
	GlobalSection(SolutionProperties) = preSolution
		HideSolutionNode = FALSE
	EndGlobalSection
	GlobalSection(NestedProjects) = preSolution
		{9FA0C14A-6438-4E56-9B83-6E9D3AD28B83} = {CD8A03E7-4BF1-482C-A682-EE4AE2F85ED3}
		{86E51D0C-4387-46C9-86A8-39D2C8298231} = {CD8A03E7-4BF1-482C-A682-EE4AE2F85ED3}
		{4FB120B2-0938-4179-A07C-C4192725024C} = {CD8A03E7-4BF1-482C-A682-EE4AE2F85ED3}
		{901C8B61-D092-491B-BA4C-D6C2C0205580} = {CD8A03E7-4BF1-482C-A682-EE4AE2F85ED3}
		{20A37690-D0BE-4806-B0B1-FBED81C1A883} = {CD8A03E7-4BF1-482C-A682-EE4AE2F85ED3}
		{ECF4BD0C-AA89-440F-A028-09917A6B35F4} = {CD8A03E7-4BF1-482C-A682-EE4AE2F85ED3}
		{74F260A1-7B8C-4B1F-BCF0-EBCB3ADEC8D1} = {0AB3BF05-4346-4AA6-1389-037BE0695223}
		{08B5ECDD-094F-4E28-8D78-80F1BEC57716} = {0AB3BF05-4346-4AA6-1389-037BE0695223}
	EndGlobalSection
	GlobalSection(ExtensibilityGlobals) = postSolution
		SolutionGuid = {D8D48B6F-2AC0-4ECC-BFE3-701FEC58C8B8}
	EndGlobalSection
EndGlobal
